
Microsoft Visual Studio Solution File, Format Version 12.00
# Visual Studio Version 17
VisualStudioVersion = 17.0.31903.59
MinimumVisualStudioVersion = 10.0.40219.1
Project("{2150E333-8FDC-42A3-9474-1A3956D46DE8}") = "src", "src", "{827E0CD3-B72D-47B6-A68D-7590B98EB39B}"
EndProject
Project("{FAE04EC0-301F-11D3-BF4B-00C04F79EFBC}") = "ModelEvaluator.Core", "src\ModelEvaluator.Core\ModelEvaluator.Core.csproj", "{5728445D-A379-4E13-A3EA-E0F4E9BB8D68}"
EndProject
Project("{FAE04EC0-301F-11D3-BF4B-00C04F79EFBC}") = "ModelEvaluator.Cli", "src\ModelEvaluator.Cli\ModelEvaluator.Cli.csproj", "{0DBFEBC9-1B5C-48ED-BDF7-74099EE18C6B}"
EndProject
Project("{FAE04EC0-301F-11D3-BF4B-00C04F79EFBC}") = "ModelEvaluator.Core.Tests", "tests\ModelEvaluator.Core.Tests\ModelEvaluator.Core.Tests.csproj", "{7502D796-2518-4BD4-AB94-45902751E432}"
EndProject
Global
	GlobalSection(SolutionConfigurationPlatforms) = preSolution
		Debug|Any CPU = Debug|Any CPU
		Debug|x64 = Debug|x64
		Debug|x86 = Debug|x86
		Release|Any CPU = Release|Any CPU
		Release|x64 = Release|x64
		Release|x86 = Release|x86
	EndGlobalSection
	GlobalSection(ProjectConfigurationPlatforms) = postSolution
		{5728445D-A379-4E13-A3EA-E0F4E9BB8D68}.Debug|Any CPU.ActiveCfg = Debug|Any CPU
		{5728445D-A379-4E13-A3EA-E0F4E9BB8D68}.Debug|Any CPU.Build.0 = Debug|Any CPU
		{5728445D-A379-4E13-A3EA-E0F4E9BB8D68}.Debug|x64.ActiveCfg = Debug|Any CPU
		{5728445D-A379-4E13-A3EA-E0F4E9BB8D68}.Debug|x64.Build.0 = Debug|Any CPU
		{5728445D-A379-4E13-A3EA-E0F4E9BB8D68}.Debug|x86.ActiveCfg = Debug|Any CPU
		{5728445D-A379-4E13-A3EA-E0F4E9BB8D68}.Debug|x86.Build.0 = Debug|Any CPU
		{5728445D-A379-4E13-A3EA-E0F4E9BB8D68}.Release|Any CPU.ActiveCfg = Release|Any CPU
		{5728445D-A379-4E13-A3EA-E0F4E9BB8D68}.Release|Any CPU.Build.0 = Release|Any CPU
		{5728445D-A379-4E13-A3EA-E0F4E9BB8D68}.Release|x64.ActiveCfg = Release|Any CPU
		{5728445D-A379-4E13-A3EA-E0F4E9BB8D68}.Release|x64.Build.0 = Release|Any CPU
		{5728445D-A379-4E13-A3EA-E0F4E9BB8D68}.Release|x86.ActiveCfg = Release|Any CPU
		{5728445D-A379-4E13-A3EA-E0F4E9BB8D68}.Release|x86.Build.0 = Release|Any CPU
		{0DBFEBC9-1B5C-48ED-BDF7-74099EE18C6B}.Debug|Any CPU.ActiveCfg = Debug|Any CPU
		{0DBFEBC9-1B5C-48ED-BDF7-74099EE18C6B}.Debug|Any CPU.Build.0 = Debug|Any CPU
		{0DBFEBC9-1B5C-48ED-BDF7-74099EE18C6B}.Debug|x64.ActiveCfg = Debug|Any CPU
		{0DBFEBC9-1B5C-48ED-BDF7-74099EE18C6B}.Debug|x64.Build.0 = Debug|Any CPU
		{0DBFEBC9-1B5C-48ED-BDF7-74099EE18C6B}.Debug|x86.ActiveCfg = Debug|Any CPU
		{0DBFEBC9-1B5C-48ED-BDF7-74099EE18C6B}.Debug|x86.Build.0 = Debug|Any CPU
		{0DBFEBC9-1B5C-48ED-BDF7-74099EE18C6B}.Release|Any CPU.ActiveCfg = Release|Any CPU
		{0DBFEBC9-1B5C-48ED-BDF7-74099EE18C6B}.Release|Any CPU.Build.0 = Release|Any CPU
		{0DBFEBC9-1B5C-48ED-BDF7-74099EE18C6B}.Release|x64.ActiveCfg = Release|Any CPU
		{0DBFEBC9-1B5C-48ED-BDF7-74099EE18C6B}.Release|x64.Build.0 = Release|Any CPU
		{0DBFEBC9-1B5C-48ED-BDF7-74099EE18C6B}.Release|x86.ActiveCfg = Release|Any CPU
		{0DBFEBC9-1B5C-48ED-BDF7-74099EE18C6B}.Release|x86.Build.0 = Release|Any CPU
		{7502D796-2518-4BD4-AB94-45902751E432}.Debug|Any CPU.ActiveCfg = Debug|Any CPU
		{7502D796-2518-4BD4-AB94-45902751E432}.Debug|Any CPU.Build.0 = Debug|Any CPU
		{7502D796-2518-4BD4-AB94-45902751E432}.Debug|x64.ActiveCfg = Debug|Any CPU
		{7502D796-2518-4BD4-AB94-45902751E432}.Debug|x64.Build.0 = Debug|Any CPU
		{7502D796-2518-4BD4-AB94-45902751E432}.Debug|x86.ActiveCfg = Debug|Any CPU
		{7502D796-2518-4BD4-AB94-45902751E432}.Debug|x86.Build.0 = Debug|Any CPU
		{7502D796-2518-4BD4-AB94-45902751E432}.Release|Any CPU.ActiveCfg = Release|Any CPU
		{7502D796-2518-4BD4-AB94-45902751E432}.Release|Any CPU.Build.0 = Release|Any CPU
		{7502D796-2518-4BD4-AB94-45902751E432}.Release|x64.ActiveCfg = Release|Any CPU
		{7502D796-2518-4BD4-AB94-45902751E432}.Release|x64.Build.0 = Release|Any CPU
		{7502D796-2518-4BD4-AB94-45902751E432}.Release|x86.ActiveCfg = Release|Any CPU
		{7502D796-2518-4BD4-AB94-45902751E432}.Release|x86.Build.0 = Release|Any CPU
	EndGlobalSection
	GlobalSection(SolutionProperties) = preSolution
		HideSolutionNode = FALSE
	EndGlobalSection
	GlobalSection(NestedProjects) = preSolution
		{5728445D-A379-4E13-A3EA-E0F4E9BB8D68} = {827E0CD3-B72D-47B6-A68D-7590B98EB39B}
		{0DBFEBC9-1B5C-48ED-BDF7-74099EE18C6B} = {827E0CD3-B72D-47B6-A68D-7590B98EB39B}
		{7502D796-2518-4BD4-AB94-45902751E432} = {827E0CD3-B72D-47B6-A68D-7590B98EB39B}
	EndGlobalSection
EndGlobal
